// !$*UTF8*$!
{
	archiveVersion = 1;
	classes = {
	};
	objectVersion = 46;
	objects = {

/* Begin PBXBuildFile section */
		1F0ADAEFABB595CD0FC6839C /* Pods_IndianaYouthServices.framework in Frameworks */ = {isa = PBXBuildFile; fileRef = 924911BBF554624171547060 /* Pods_IndianaYouthServices.framework */; };
		2B835FE71EF4AD6F0039E9FA /* AppDelegate.swift in Sources */ = {isa = PBXBuildFile; fileRef = 2B835FE61EF4AD6F0039E9FA /* AppDelegate.swift */; };
		2B835FE91EF4AD6F0039E9FA /* ViewController.swift in Sources */ = {isa = PBXBuildFile; fileRef = 2B835FE81EF4AD6F0039E9FA /* ViewController.swift */; };
		2B835FEC1EF4AD6F0039E9FA /* Main.storyboard in Resources */ = {isa = PBXBuildFile; fileRef = 2B835FEA1EF4AD6F0039E9FA /* Main.storyboard */; };
		2B835FEE1EF4AD6F0039E9FA /* Assets.xcassets in Resources */ = {isa = PBXBuildFile; fileRef = 2B835FED1EF4AD6F0039E9FA /* Assets.xcassets */; };
		2B835FF11EF4AD6F0039E9FA /* LaunchScreen.storyboard in Resources */ = {isa = PBXBuildFile; fileRef = 2B835FEF1EF4AD6F0039E9FA /* LaunchScreen.storyboard */; };
		2B835FFD1EF4BEBA0039E9FA /* mainViewController.swift in Sources */ = {isa = PBXBuildFile; fileRef = 2B835FFC1EF4BEBA0039E9FA /* mainViewController.swift */; };
		2B835FFF1EF4C2EB0039E9FA /* createAccountViewController.swift in Sources */ = {isa = PBXBuildFile; fileRef = 2B835FFE1EF4C2EB0039E9FA /* createAccountViewController.swift */; };
		2B8360031EF4DAD30039E9FA /* GoogleService-Info.plist in Resources */ = {isa = PBXBuildFile; fileRef = 2B8360021EF4DAD30039E9FA /* GoogleService-Info.plist */; };
		2B8360061EF506A00039E9FA /* education.png in Resources */ = {isa = PBXBuildFile; fileRef = 2B8360041EF506A00039E9FA /* education.png */; };
		2B8360071EF506A00039E9FA /* housing.jpg in Resources */ = {isa = PBXBuildFile; fileRef = 2B8360051EF506A00039E9FA /* housing.jpg */; };
		2B8360091EF50E740039E9FA /* finance.png in Resources */ = {isa = PBXBuildFile; fileRef = 2B8360081EF50E740039E9FA /* finance.png */; };
/* End PBXBuildFile section */

/* Begin PBXFileReference section */
		2B835FE31EF4AD6F0039E9FA /* IndianaYouthServices.app */ = {isa = PBXFileReference; explicitFileType = wrapper.application; includeInIndex = 0; path = IndianaYouthServices.app; sourceTree = BUILT_PRODUCTS_DIR; };
		2B835FE61EF4AD6F0039E9FA /* AppDelegate.swift */ = {isa = PBXFileReference; lastKnownFileType = sourcecode.swift; path = AppDelegate.swift; sourceTree = "<group>"; };
		2B835FE81EF4AD6F0039E9FA /* ViewController.swift */ = {isa = PBXFileReference; lastKnownFileType = sourcecode.swift; path = ViewController.swift; sourceTree = "<group>"; };
		2B835FEB1EF4AD6F0039E9FA /* Base */ = {isa = PBXFileReference; lastKnownFileType = file.storyboard; name = Base; path = Base.lproj/Main.storyboard; sourceTree = "<group>"; };
		2B835FED1EF4AD6F0039E9FA /* Assets.xcassets */ = {isa = PBXFileReference; lastKnownFileType = folder.assetcatalog; path = Assets.xcassets; sourceTree = "<group>"; };
		2B835FF01EF4AD6F0039E9FA /* Base */ = {isa = PBXFileReference; lastKnownFileType = file.storyboard; name = Base; path = Base.lproj/LaunchScreen.storyboard; sourceTree = "<group>"; };
		2B835FF21EF4AD6F0039E9FA /* Info.plist */ = {isa = PBXFileReference; lastKnownFileType = text.plist.xml; path = Info.plist; sourceTree = "<group>"; };
		2B835FFC1EF4BEBA0039E9FA /* mainViewController.swift */ = {isa = PBXFileReference; fileEncoding = 4; lastKnownFileType = sourcecode.swift; name = mainViewController.swift; path = ../mainViewController.swift; sourceTree = "<group>"; };
		2B835FFE1EF4C2EB0039E9FA /* createAccountViewController.swift */ = {isa = PBXFileReference; fileEncoding = 4; lastKnownFileType = sourcecode.swift; path = createAccountViewController.swift; sourceTree = "<group>"; };
		2B8360021EF4DAD30039E9FA /* GoogleService-Info.plist */ = {isa = PBXFileReference; fileEncoding = 4; lastKnownFileType = text.plist.xml; path = "GoogleService-Info.plist"; sourceTree = "<group>"; };
		2B8360041EF506A00039E9FA /* education.png */ = {isa = PBXFileReference; lastKnownFileType = image.png; path = education.png; sourceTree = "<group>"; };
		2B8360051EF506A00039E9FA /* housing.jpg */ = {isa = PBXFileReference; lastKnownFileType = image.jpeg; path = housing.jpg; sourceTree = "<group>"; };
		2B8360081EF50E740039E9FA /* finance.png */ = {isa = PBXFileReference; lastKnownFileType = image.png; path = finance.png; sourceTree = "<group>"; };
		924911BBF554624171547060 /* Pods_IndianaYouthServices.framework */ = {isa = PBXFileReference; explicitFileType = wrapper.framework; includeInIndex = 0; path = Pods_IndianaYouthServices.framework; sourceTree = BUILT_PRODUCTS_DIR; };
		B0AB8BB997FBF6CAB5C403E8 /* Pods-IndianaYouthServices.debug.xcconfig */ = {isa = PBXFileReference; includeInIndex = 1; lastKnownFileType = text.xcconfig; name = "Pods-IndianaYouthServices.debug.xcconfig"; path = "Pods/Target Support Files/Pods-IndianaYouthServices/Pods-IndianaYouthServices.debug.xcconfig"; sourceTree = "<group>"; };
		CAB9BC4E3AC329ABECAB0412 /* Pods-IndianaYouthServices.release.xcconfig */ = {isa = PBXFileReference; includeInIndex = 1; lastKnownFileType = text.xcconfig; name = "Pods-IndianaYouthServices.release.xcconfig"; path = "Pods/Target Support Files/Pods-IndianaYouthServices/Pods-IndianaYouthServices.release.xcconfig"; sourceTree = "<group>"; };
/* End PBXFileReference section */

/* Begin PBXFrameworksBuildPhase section */
		2B835FE01EF4AD6F0039E9FA /* Frameworks */ = {
			isa = PBXFrameworksBuildPhase;
			buildActionMask = 2147483647;
			files = (
				1F0ADAEFABB595CD0FC6839C /* Pods_IndianaYouthServices.framework in Frameworks */,
			);
			runOnlyForDeploymentPostprocessing = 0;
		};
/* End PBXFrameworksBuildPhase section */

/* Begin PBXGroup section */
		2B835FDA1EF4AD6F0039E9FA = {
			isa = PBXGroup;
			children = (
				2B835FE51EF4AD6F0039E9FA /* IndianaYouthServices */,
				2B835FE41EF4AD6F0039E9FA /* Products */,
				3105A4D9EFBC0246F0BCE723 /* Pods */,
				DC18A0542FE6B4E8B9ED64E1 /* Frameworks */,
			);
			sourceTree = "<group>";
		};
		2B835FE41EF4AD6F0039E9FA /* Products */ = {
			isa = PBXGroup;
			children = (
				2B835FE31EF4AD6F0039E9FA /* IndianaYouthServices.app */,
			);
			name = Products;
			sourceTree = "<group>";
		};
		2B835FE51EF4AD6F0039E9FA /* IndianaYouthServices */ = {
			isa = PBXGroup;
			children = (
				2B835FE61EF4AD6F0039E9FA /* AppDelegate.swift */,
				2B835FE81EF4AD6F0039E9FA /* ViewController.swift */,
				2B835FFC1EF4BEBA0039E9FA /* mainViewController.swift */,
				2B835FFE1EF4C2EB0039E9FA /* createAccountViewController.swift */,
				2B835FEA1EF4AD6F0039E9FA /* Main.storyboard */,
				2B835FED1EF4AD6F0039E9FA /* Assets.xcassets */,
				2B8360041EF506A00039E9FA /* education.png */,
				2B8360051EF506A00039E9FA /* housing.jpg */,
				2B8360081EF50E740039E9FA /* finance.png */,
				2B835FEF1EF4AD6F0039E9FA /* LaunchScreen.storyboard */,
				2B835FF21EF4AD6F0039E9FA /* Info.plist */,
				2B8360021EF4DAD30039E9FA /* GoogleService-Info.plist */,
			);
			path = IndianaYouthServices;
			sourceTree = "<group>";
		};
		3105A4D9EFBC0246F0BCE723 /* Pods */ = {
			isa = PBXGroup;
			children = (
				B0AB8BB997FBF6CAB5C403E8 /* Pods-IndianaYouthServices.debug.xcconfig */,
				CAB9BC4E3AC329ABECAB0412 /* Pods-IndianaYouthServices.release.xcconfig */,
			);
			name = Pods;
			sourceTree = "<group>";
		};
		DC18A0542FE6B4E8B9ED64E1 /* Frameworks */ = {
			isa = PBXGroup;
			children = (
				924911BBF554624171547060 /* Pods_IndianaYouthServices.framework */,
			);
			name = Frameworks;
			sourceTree = "<group>";
		};
/* End PBXGroup section */

/* Begin PBXNativeTarget section */
		2B835FE21EF4AD6F0039E9FA /* IndianaYouthServices */ = {
			isa = PBXNativeTarget;
			buildConfigurationList = 2B835FF51EF4AD6F0039E9FA /* Build configuration list for PBXNativeTarget "IndianaYouthServices" */;
			buildPhases = (
				3DE11E2D2E7071E9D452FEFA /* [CP] Check Pods Manifest.lock */,
				2B835FDF1EF4AD6F0039E9FA /* Sources */,
				2B835FE01EF4AD6F0039E9FA /* Frameworks */,
				2B835FE11EF4AD6F0039E9FA /* Resources */,
				09E739AA37E9B4E2C795B346 /* [CP] Embed Pods Frameworks */,
				33D841C0548550F0510DF382 /* [CP] Copy Pods Resources */,
			);
			buildRules = (
			);
			dependencies = (
			);
			name = IndianaYouthServices;
			productName = IndianaYouthServices;
			productReference = 2B835FE31EF4AD6F0039E9FA /* IndianaYouthServices.app */;
			productType = "com.apple.product-type.application";
		};
/* End PBXNativeTarget section */

/* Begin PBXProject section */
		2B835FDB1EF4AD6F0039E9FA /* Project object */ = {
			isa = PBXProject;
			attributes = {
				LastSwiftUpdateCheck = 0830;
				LastUpgradeCheck = 0830;
				ORGANIZATIONNAME = "Kyle Brown";
				TargetAttributes = {
					2B835FE21EF4AD6F0039E9FA = {
						CreatedOnToolsVersion = 8.3.3;
						DevelopmentTeam = 6R43YP984W;
						ProvisioningStyle = Automatic;
					};
				};
			};
			buildConfigurationList = 2B835FDE1EF4AD6F0039E9FA /* Build configuration list for PBXProject "IndianaYouthServices" */;
			compatibilityVersion = "Xcode 3.2";
			developmentRegion = English;
			hasScannedForEncodings = 0;
			knownRegions = (
				en,
				Base,
			);
			mainGroup = 2B835FDA1EF4AD6F0039E9FA;
			productRefGroup = 2B835FE41EF4AD6F0039E9FA /* Products */;
			projectDirPath = "";
			projectRoot = "";
			targets = (
				2B835FE21EF4AD6F0039E9FA /* IndianaYouthServices */,
			);
		};
/* End PBXProject section */

/* Begin PBXResourcesBuildPhase section */
		2B835FE11EF4AD6F0039E9FA /* Resources */ = {
			isa = PBXResourcesBuildPhase;
			buildActionMask = 2147483647;
			files = (
				2B835FF11EF4AD6F0039E9FA /* LaunchScreen.storyboard in Resources */,
				2B8360091EF50E740039E9FA /* finance.png in Resources */,
				2B8360061EF506A00039E9FA /* education.png in Resources */,
				2B8360031EF4DAD30039E9FA /* GoogleService-Info.plist in Resources */,
				2B835FEE1EF4AD6F0039E9FA /* Assets.xcassets in Resources */,
				2B835FEC1EF4AD6F0039E9FA /* Main.storyboard in Resources */,
				2B8360071EF506A00039E9FA /* housing.jpg in Resources */,
			);
			runOnlyForDeploymentPostprocessing = 0;
		};
/* End PBXResourcesBuildPhase section */

/* Begin PBXShellScriptBuildPhase section */
		09E739AA37E9B4E2C795B346 /* [CP] Embed Pods Frameworks */ = {
			isa = PBXShellScriptBuildPhase;
			buildActionMask = 2147483647;
			files = (
			);
			inputPaths = (
			);
			name = "[CP] Embed Pods Frameworks";
			outputPaths = (
			);
			runOnlyForDeploymentPostprocessing = 0;
			shellPath = /bin/sh;
			shellScript = "\"${SRCROOT}/Pods/Target Support Files/Pods-IndianaYouthServices/Pods-IndianaYouthServices-frameworks.sh\"\n";
			showEnvVarsInLog = 0;
		};
		33D841C0548550F0510DF382 /* [CP] Copy Pods Resources */ = {
			isa = PBXShellScriptBuildPhase;
			buildActionMask = 2147483647;
			files = (
			);
			inputPaths = (
			);
			name = "[CP] Copy Pods Resources";
			outputPaths = (
			);
			runOnlyForDeploymentPostprocessing = 0;
			shellPath = /bin/sh;
			shellScript = "\"${SRCROOT}/Pods/Target Support Files/Pods-IndianaYouthServices/Pods-IndianaYouthServices-resources.sh\"\n";
			showEnvVarsInLog = 0;
		};
		3DE11E2D2E7071E9D452FEFA /* [CP] Check Pods Manifest.lock */ = {
			isa = PBXShellScriptBuildPhase;
			buildActionMask = 2147483647;
			files = (
			);
			inputPaths = (
			);
			name = "[CP] Check Pods Manifest.lock";
			outputPaths = (
			);
			runOnlyForDeploymentPostprocessing = 0;
			shellPath = /bin/sh;
			shellScript = "diff \"${PODS_ROOT}/../Podfile.lock\" \"${PODS_ROOT}/Manifest.lock\" > /dev/null\nif [ $? != 0 ] ; then\n    # print error to STDERR\n    echo \"error: The sandbox is not in sync with the Podfile.lock. Run 'pod install' or update your CocoaPods installation.\" >&2\n    exit 1\nfi\n";
			showEnvVarsInLog = 0;
		};
/* End PBXShellScriptBuildPhase section */

/* Begin PBXSourcesBuildPhase section */
		2B835FDF1EF4AD6F0039E9FA /* Sources */ = {
			isa = PBXSourcesBuildPhase;
			buildActionMask = 2147483647;
			files = (
				2B835FFF1EF4C2EB0039E9FA /* createAccountViewController.swift in Sources */,
				2B835FE91EF4AD6F0039E9FA /* ViewController.swift in Sources */,
				2B835FE71EF4AD6F0039E9FA /* AppDelegate.swift in Sources */,
				2B835FFD1EF4BEBA0039E9FA /* mainViewController.swift in Sources */,
			);
			runOnlyForDeploymentPostprocessing = 0;
		};
/* End PBXSourcesBuildPhase section */

/* Begin PBXVariantGroup section */
		2B835FEA1EF4AD6F0039E9FA /* Main.storyboard */ = {
			isa = PBXVariantGroup;
			children = (
				2B835FEB1EF4AD6F0039E9FA /* Base */,
			);
			name = Main.storyboard;
			sourceTree = "<group>";
		};
		2B835FEF1EF4AD6F0039E9FA /* LaunchScreen.storyboard */ = {
			isa = PBXVariantGroup;
			children = (
				2B835FF01EF4AD6F0039E9FA /* Base */,
			);
			name = LaunchScreen.storyboard;
			sourceTree = "<group>";
		};
/* End PBXVariantGroup section */

/* Begin XCBuildConfiguration section */
		2B835FF31EF4AD6F0039E9FA /* Debug */ = {
			isa = XCBuildConfiguration;
			buildSettings = {
				ALWAYS_SEARCH_USER_PATHS = NO;
				CLANG_ANALYZER_NONNULL = YES;
				CLANG_ANALYZER_NUMBER_OBJECT_CONVERSION = YES_AGGRESSIVE;
				CLANG_CXX_LANGUAGE_STANDARD = "gnu++0x";
				CLANG_CXX_LIBRARY = "libc++";
				CLANG_ENABLE_MODULES = YES;
				CLANG_ENABLE_OBJC_ARC = YES;
				CLANG_WARN_BOOL_CONVERSION = YES;
				CLANG_WARN_CONSTANT_CONVERSION = YES;
				CLANG_WARN_DIRECT_OBJC_ISA_USAGE = YES_ERROR;
				CLANG_WARN_DOCUMENTATION_COMMENTS = YES;
				CLANG_WARN_EMPTY_BODY = YES;
				CLANG_WARN_ENUM_CONVERSION = YES;
				CLANG_WARN_INFINITE_RECURSION = YES;
				CLANG_WARN_INT_CONVERSION = YES;
				CLANG_WARN_OBJC_ROOT_CLASS = YES_ERROR;
				CLANG_WARN_SUSPICIOUS_MOVE = YES;
				CLANG_WARN_UNREACHABLE_CODE = YES;
				CLANG_WARN__DUPLICATE_METHOD_MATCH = YES;
				"CODE_SIGN_IDENTITY[sdk=iphoneos*]" = "iPhone Developer";
				COPY_PHASE_STRIP = NO;
				DEBUG_INFORMATION_FORMAT = dwarf;
				ENABLE_STRICT_OBJC_MSGSEND = YES;
				ENABLE_TESTABILITY = YES;
				GCC_C_LANGUAGE_STANDARD = gnu99;
				GCC_DYNAMIC_NO_PIC = NO;
				GCC_NO_COMMON_BLOCKS = YES;
				GCC_OPTIMIZATION_LEVEL = 0;
				GCC_PREPROCESSOR_DEFINITIONS = (
					"DEBUG=1",
					"$(inherited)",
				);
				GCC_WARN_64_TO_32_BIT_CONVERSION = YES;
				GCC_WARN_ABOUT_RETURN_TYPE = YES_ERROR;
				GCC_WARN_UNDECLARED_SELECTOR = YES;
				GCC_WARN_UNINITIALIZED_AUTOS = YES_AGGRESSIVE;
				GCC_WARN_UNUSED_FUNCTION = YES;
				GCC_WARN_UNUSED_VARIABLE = YES;
				IPHONEOS_DEPLOYMENT_TARGET = 10.3;
				MTL_ENABLE_DEBUG_INFO = YES;
				ONLY_ACTIVE_ARCH = YES;
				SDKROOT = iphoneos;
				SWIFT_ACTIVE_COMPILATION_CONDITIONS = DEBUG;
				SWIFT_OPTIMIZATION_LEVEL = "-Onone";
			};
			name = Debug;
		};
		2B835FF41EF4AD6F0039E9FA /* Release */ = {
			isa = XCBuildConfiguration;
			buildSettings = {
				ALWAYS_SEARCH_USER_PATHS = NO;
				CLANG_ANALYZER_NONNULL = YES;
				CLANG_ANALYZER_NUMBER_OBJECT_CONVERSION = YES_AGGRESSIVE;
				CLANG_CXX_LANGUAGE_STANDARD = "gnu++0x";
				CLANG_CXX_LIBRARY = "libc++";
				CLANG_ENABLE_MODULES = YES;
				CLANG_ENABLE_OBJC_ARC = YES;
				CLANG_WARN_BOOL_CONVERSION = YES;
				CLANG_WARN_CONSTANT_CONVERSION = YES;
				CLANG_WARN_DIRECT_OBJC_ISA_USAGE = YES_ERROR;
				CLANG_WARN_DOCUMENTATION_COMMENTS = YES;
				CLANG_WARN_EMPTY_BODY = YES;
				CLANG_WARN_ENUM_CONVERSION = YES;
				CLANG_WARN_INFINITE_RECURSION = YES;
				CLANG_WARN_INT_CONVERSION = YES;
				CLANG_WARN_OBJC_ROOT_CLASS = YES_ERROR;
				CLANG_WARN_SUSPICIOUS_MOVE = YES;
				CLANG_WARN_UNREACHABLE_CODE = YES;
				CLANG_WARN__DUPLICATE_METHOD_MATCH = YES;
				"CODE_SIGN_IDENTITY[sdk=iphoneos*]" = "iPhone Developer";
				COPY_PHASE_STRIP = NO;
				DEBUG_INFORMATION_FORMAT = "dwarf-with-dsym";
				ENABLE_NS_ASSERTIONS = NO;
				ENABLE_STRICT_OBJC_MSGSEND = YES;
				GCC_C_LANGUAGE_STANDARD = gnu99;
				GCC_NO_COMMON_BLOCKS = YES;
				GCC_WARN_64_TO_32_BIT_CONVERSION = YES;
				GCC_WARN_ABOUT_RETURN_TYPE = YES_ERROR;
				GCC_WARN_UNDECLARED_SELECTOR = YES;
				GCC_WARN_UNINITIALIZED_AUTOS = YES_AGGRESSIVE;
				GCC_WARN_UNUSED_FUNCTION = YES;
				GCC_WARN_UNUSED_VARIABLE = YES;
				IPHONEOS_DEPLOYMENT_TARGET = 10.3;
				MTL_ENABLE_DEBUG_INFO = NO;
				SDKROOT = iphoneos;
				SWIFT_OPTIMIZATION_LEVEL = "-Owholemodule";
				VALIDATE_PRODUCT = YES;
			};
			name = Release;
		};
		2B835FF61EF4AD6F0039E9FA /* Debug */ = {
			isa = XCBuildConfiguration;
			baseConfigurationReference = B0AB8BB997FBF6CAB5C403E8 /* Pods-IndianaYouthServices.debug.xcconfig */;
			buildSettings = {
				ASSETCATALOG_COMPILER_APPICON_NAME = AppIcon;
				DEVELOPMENT_TEAM = 6R43YP984W;
				INFOPLIST_FILE = IndianaYouthServices/Info.plist;
				LD_RUNPATH_SEARCH_PATHS = "$(inherited) @executable_path/Frameworks";
				PRODUCT_BUNDLE_IDENTIFIER = com.kylebrown.IndianaYouthServices;
				PRODUCT_NAME = "$(TARGET_NAME)";
				SWIFT_VERSION = 3.0;
			};
			name = Debug;
		};
		2B835FF71EF4AD6F0039E9FA /* Release */ = {
			isa = XCBuildConfiguration;
			baseConfigurationReference = CAB9BC4E3AC329ABECAB0412 /* Pods-IndianaYouthServices.release.xcconfig */;
			buildSettings = {
				ASSETCATALOG_COMPILER_APPICON_NAME = AppIcon;
				DEVELOPMENT_TEAM = 6R43YP984W;
				INFOPLIST_FILE = IndianaYouthServices/Info.plist;
				LD_RUNPATH_SEARCH_PATHS = "$(inherited) @executable_path/Frameworks";
				PRODUCT_BUNDLE_IDENTIFIER = com.kylebrown.IndianaYouthServices;
				PRODUCT_NAME = "$(TARGET_NAME)";
				SWIFT_VERSION = 3.0;
			};
			name = Release;
		};
/* End XCBuildConfiguration section */

/* Begin XCConfigurationList section */
		2B835FDE1EF4AD6F0039E9FA /* Build configuration list for PBXProject "IndianaYouthServices" */ = {
			isa = XCConfigurationList;
			buildConfigurations = (
				2B835FF31EF4AD6F0039E9FA /* Debug */,
				2B835FF41EF4AD6F0039E9FA /* Release */,
			);
			defaultConfigurationIsVisible = 0;
			defaultConfigurationName = Release;
		};
		2B835FF51EF4AD6F0039E9FA /* Build configuration list for PBXNativeTarget "IndianaYouthServices" */ = {
			isa = XCConfigurationList;
			buildConfigurations = (
				2B835FF61EF4AD6F0039E9FA /* Debug */,
				2B835FF71EF4AD6F0039E9FA /* Release */,
			);
			defaultConfigurationIsVisible = 0;
			defaultConfigurationName = Release;
		};
/* End XCConfigurationList section */
	};
	rootObject = 2B835FDB1EF4AD6F0039E9FA /* Project object */;
}
